// !$*UTF8*$!
{
	archiveVersion = 1;
	classes = {
	};
	objectVersion = 55;
	objects = {

/* Begin PBXBuildFile section */
		B595A66F27A1AF2D006B9B63 /* SwiftfulMapAppApp.swift in Sources */ = {isa = PBXBuildFile; fileRef = B595A66E27A1AF2D006B9B63 /* SwiftfulMapAppApp.swift */; };
		B595A67127A1AF2D006B9B63 /* ContentView.swift in Sources */ = {isa = PBXBuildFile; fileRef = B595A67027A1AF2D006B9B63 /* ContentView.swift */; };
		B595A67627A1AF30006B9B63 /* Preview Assets.xcassets in Resources */ = {isa = PBXBuildFile; fileRef = B595A67527A1AF30006B9B63 /* Preview Assets.xcassets */; };
		B595A67D27A1B06A006B9B63 /* Assets.xcassets in Resources */ = {isa = PBXBuildFile; fileRef = B595A67C27A1B06A006B9B63 /* Assets.xcassets */; };
		B595A68227A1B18A006B9B63 /* Location.swift in Sources */ = {isa = PBXBuildFile; fileRef = B595A68127A1B18A006B9B63 /* Location.swift */; };
		B595A68527A1B397006B9B63 /* LocationsDataService.swift in Sources */ = {isa = PBXBuildFile; fileRef = B595A68427A1B397006B9B63 /* LocationsDataService.swift */; };
		B5F3086227A1B86200676EDF /* LocationsView.swift in Sources */ = {isa = PBXBuildFile; fileRef = B5F3086127A1B86200676EDF /* LocationsView.swift */; };
		B5F3086427A1D04F00676EDF /* LocationsViewModel.swift in Sources */ = {isa = PBXBuildFile; fileRef = B5F3086327A1D04F00676EDF /* LocationsViewModel.swift */; };
		B5F3086627A67A1700676EDF /* LocationsListView.swift in Sources */ = {isa = PBXBuildFile; fileRef = B5F3086527A67A1700676EDF /* LocationsListView.swift */; };
		B5F618B327A6F4A30036F947 /* LocationPreviewView.swift in Sources */ = {isa = PBXBuildFile; fileRef = B5F618B227A6F4A30036F947 /* LocationPreviewView.swift */; };
		B5F618B727A8315D0036F947 /* LocationMapAnnotationView.swift in Sources */ = {isa = PBXBuildFile; fileRef = B5F618B627A8315D0036F947 /* LocationMapAnnotationView.swift */; };
		B5F618B927AACA320036F947 /* LocationDetailView.swift in Sources */ = {isa = PBXBuildFile; fileRef = B5F618B827AACA320036F947 /* LocationDetailView.swift */; };
/* End PBXBuildFile section */

/* Begin PBXFileReference section */
		B595A66B27A1AF2D006B9B63 /* SwiftfulMapApp.app */ = {isa = PBXFileReference; explicitFileType = wrapper.application; includeInIndex = 0; path = SwiftfulMapApp.app; sourceTree = BUILT_PRODUCTS_DIR; };
		B595A66E27A1AF2D006B9B63 /* SwiftfulMapAppApp.swift */ = {isa = PBXFileReference; lastKnownFileType = sourcecode.swift; path = SwiftfulMapAppApp.swift; sourceTree = "<group>"; };
		B595A67027A1AF2D006B9B63 /* ContentView.swift */ = {isa = PBXFileReference; lastKnownFileType = sourcecode.swift; path = ContentView.swift; sourceTree = "<group>"; };
		B595A67527A1AF30006B9B63 /* Preview Assets.xcassets */ = {isa = PBXFileReference; lastKnownFileType = folder.assetcatalog; path = "Preview Assets.xcassets"; sourceTree = "<group>"; };
		B595A67C27A1B06A006B9B63 /* Assets.xcassets */ = {isa = PBXFileReference; lastKnownFileType = folder.assetcatalog; path = Assets.xcassets; sourceTree = "<group>"; };
		B595A68127A1B18A006B9B63 /* Location.swift */ = {isa = PBXFileReference; lastKnownFileType = sourcecode.swift; path = Location.swift; sourceTree = "<group>"; };
		B595A68427A1B397006B9B63 /* LocationsDataService.swift */ = {isa = PBXFileReference; fileEncoding = 4; lastKnownFileType = sourcecode.swift; path = LocationsDataService.swift; sourceTree = "<group>"; };
		B5F3086127A1B86200676EDF /* LocationsView.swift */ = {isa = PBXFileReference; lastKnownFileType = sourcecode.swift; path = LocationsView.swift; sourceTree = "<group>"; };
		B5F3086327A1D04F00676EDF /* LocationsViewModel.swift */ = {isa = PBXFileReference; lastKnownFileType = sourcecode.swift; path = LocationsViewModel.swift; sourceTree = "<group>"; };
		B5F3086527A67A1700676EDF /* LocationsListView.swift */ = {isa = PBXFileReference; lastKnownFileType = sourcecode.swift; path = LocationsListView.swift; sourceTree = "<group>"; };
		B5F618B227A6F4A30036F947 /* LocationPreviewView.swift */ = {isa = PBXFileReference; lastKnownFileType = sourcecode.swift; path = LocationPreviewView.swift; sourceTree = "<group>"; };
		B5F618B627A8315D0036F947 /* LocationMapAnnotationView.swift */ = {isa = PBXFileReference; lastKnownFileType = sourcecode.swift; path = LocationMapAnnotationView.swift; sourceTree = "<group>"; };
		B5F618B827AACA320036F947 /* LocationDetailView.swift */ = {isa = PBXFileReference; lastKnownFileType = sourcecode.swift; path = LocationDetailView.swift; sourceTree = "<group>"; };
		B5F618BA27AB074B0036F947 /* Info.plist */ = {isa = PBXFileReference; lastKnownFileType = text.plist; path = Info.plist; sourceTree = "<group>"; };
/* End PBXFileReference section */

/* Begin PBXFrameworksBuildPhase section */
		B595A66827A1AF2C006B9B63 /* Frameworks */ = {
			isa = PBXFrameworksBuildPhase;
			buildActionMask = 2147483647;
			files = (
			);
			runOnlyForDeploymentPostprocessing = 0;
		};
/* End PBXFrameworksBuildPhase section */

/* Begin PBXGroup section */
		B595A66227A1AF2C006B9B63 = {
			isa = PBXGroup;
			children = (
				B595A66D27A1AF2D006B9B63 /* SwiftfulMapApp */,
				B595A66C27A1AF2D006B9B63 /* Products */,
			);
			sourceTree = "<group>";
		};
		B595A66C27A1AF2D006B9B63 /* Products */ = {
			isa = PBXGroup;
			children = (
				B595A66B27A1AF2D006B9B63 /* SwiftfulMapApp.app */,
			);
			name = Products;
			sourceTree = "<group>";
		};
		B595A66D27A1AF2D006B9B63 /* SwiftfulMapApp */ = {
			isa = PBXGroup;
			children = (
				B5F618BA27AB074B0036F947 /* Info.plist */,
				B595A66E27A1AF2D006B9B63 /* SwiftfulMapAppApp.swift */,
				B595A67027A1AF2D006B9B63 /* ContentView.swift */,
				B595A68327A1B344006B9B63 /* DataServices */,
				B595A67E27A1B0E7006B9B63 /* Views */,
				B595A68027A1B11B006B9B63 /* ViewModels */,
				B595A67F27A1B112006B9B63 /* Models */,
				B595A67427A1AF30006B9B63 /* Preview Content */,
			);
			path = SwiftfulMapApp;
			sourceTree = "<group>";
		};
		B595A67427A1AF30006B9B63 /* Preview Content */ = {
			isa = PBXGroup;
			children = (
				B595A67C27A1B06A006B9B63 /* Assets.xcassets */,
				B595A67527A1AF30006B9B63 /* Preview Assets.xcassets */,
			);
			path = "Preview Content";
			sourceTree = "<group>";
		};
		B595A67E27A1B0E7006B9B63 /* Views */ = {
			isa = PBXGroup;
			children = (
				B5F3086127A1B86200676EDF /* LocationsView.swift */,
				B5F3086527A67A1700676EDF /* LocationsListView.swift */,
				B5F618B227A6F4A30036F947 /* LocationPreviewView.swift */,
				B5F618B627A8315D0036F947 /* LocationMapAnnotationView.swift */,
				B5F618B827AACA320036F947 /* LocationDetailView.swift */,
			);
			path = Views;
			sourceTree = "<group>";
		};
		B595A67F27A1B112006B9B63 /* Models */ = {
			isa = PBXGroup;
			children = (
				B595A68127A1B18A006B9B63 /* Location.swift */,
			);
			path = Models;
			sourceTree = "<group>";
		};
		B595A68027A1B11B006B9B63 /* ViewModels */ = {
			isa = PBXGroup;
			children = (
				B5F3086327A1D04F00676EDF /* LocationsViewModel.swift */,
			);
			path = ViewModels;
			sourceTree = "<group>";
		};
		B595A68327A1B344006B9B63 /* DataServices */ = {
			isa = PBXGroup;
			children = (
				B595A68427A1B397006B9B63 /* LocationsDataService.swift */,
			);
			path = DataServices;
			sourceTree = "<group>";
		};
/* End PBXGroup section */

/* Begin PBXNativeTarget section */
		B595A66A27A1AF2C006B9B63 /* SwiftfulMapApp */ = {
			isa = PBXNativeTarget;
			buildConfigurationList = B595A67927A1AF30006B9B63 /* Build configuration list for PBXNativeTarget "SwiftfulMapApp" */;
			buildPhases = (
				B595A66727A1AF2C006B9B63 /* Sources */,
				B595A66827A1AF2C006B9B63 /* Frameworks */,
				B595A66927A1AF2C006B9B63 /* Resources */,
			);
			buildRules = (
			);
			dependencies = (
			);
			name = SwiftfulMapApp;
			productName = SwiftfulMapApp;
			productReference = B595A66B27A1AF2D006B9B63 /* SwiftfulMapApp.app */;
			productType = "com.apple.product-type.application";
		};
/* End PBXNativeTarget section */

/* Begin PBXProject section */
		B595A66327A1AF2C006B9B63 /* Project object */ = {
			isa = PBXProject;
			attributes = {
				BuildIndependentTargetsInParallel = 1;
				LastSwiftUpdateCheck = 1310;
				LastUpgradeCheck = 1310;
				TargetAttributes = {
					B595A66A27A1AF2C006B9B63 = {
						CreatedOnToolsVersion = 13.1;
					};
				};
			};
			buildConfigurationList = B595A66627A1AF2C006B9B63 /* Build configuration list for PBXProject "SwiftfulMapApp" */;
			compatibilityVersion = "Xcode 13.0";
			developmentRegion = en;
			hasScannedForEncodings = 0;
			knownRegions = (
				en,
				Base,
			);
			mainGroup = B595A66227A1AF2C006B9B63;
			productRefGroup = B595A66C27A1AF2D006B9B63 /* Products */;
			projectDirPath = "";
			projectRoot = "";
			targets = (
				B595A66A27A1AF2C006B9B63 /* SwiftfulMapApp */,
			);
		};
/* End PBXProject section */

/* Begin PBXResourcesBuildPhase section */
		B595A66927A1AF2C006B9B63 /* Resources */ = {
			isa = PBXResourcesBuildPhase;
			buildActionMask = 2147483647;
			files = (
				B595A67D27A1B06A006B9B63 /* Assets.xcassets in Resources */,
				B595A67627A1AF30006B9B63 /* Preview Assets.xcassets in Resources */,
			);
			runOnlyForDeploymentPostprocessing = 0;
		};
/* End PBXResourcesBuildPhase section */

/* Begin PBXSourcesBuildPhase section */
		B595A66727A1AF2C006B9B63 /* Sources */ = {
			isa = PBXSourcesBuildPhase;
			buildActionMask = 2147483647;
			files = (
				B595A68527A1B397006B9B63 /* LocationsDataService.swift in Sources */,
				B5F618B727A8315D0036F947 /* LocationMapAnnotationView.swift in Sources */,
				B5F3086627A67A1700676EDF /* LocationsListView.swift in Sources */,
				B5F618B327A6F4A30036F947 /* LocationPreviewView.swift in Sources */,
				B5F3086427A1D04F00676EDF /* LocationsViewModel.swift in Sources */,
				B595A67127A1AF2D006B9B63 /* ContentView.swift in Sources */,
				B5F3086227A1B86200676EDF /* LocationsView.swift in Sources */,
				B595A68227A1B18A006B9B63 /* Location.swift in Sources */,
				B5F618B927AACA320036F947 /* LocationDetailView.swift in Sources */,
				B595A66F27A1AF2D006B9B63 /* SwiftfulMapAppApp.swift in Sources */,
			);
			runOnlyForDeploymentPostprocessing = 0;
		};
/* End PBXSourcesBuildPhase section */

/* Begin XCBuildConfiguration section */
		B595A67727A1AF30006B9B63 /* Debug */ = {
			isa = XCBuildConfiguration;
			buildSettings = {
				ALWAYS_SEARCH_USER_PATHS = NO;
				CLANG_ANALYZER_NONNULL = YES;
				CLANG_ANALYZER_NUMBER_OBJECT_CONVERSION = YES_AGGRESSIVE;
				CLANG_CXX_LANGUAGE_STANDARD = "gnu++17";
				CLANG_CXX_LIBRARY = "libc++";
				CLANG_ENABLE_MODULES = YES;
				CLANG_ENABLE_OBJC_ARC = YES;
				CLANG_ENABLE_OBJC_WEAK = YES;
				CLANG_WARN_BLOCK_CAPTURE_AUTORELEASING = YES;
				CLANG_WARN_BOOL_CONVERSION = YES;
				CLANG_WARN_COMMA = YES;
				CLANG_WARN_CONSTANT_CONVERSION = YES;
				CLANG_WARN_DEPRECATED_OBJC_IMPLEMENTATIONS = YES;
				CLANG_WARN_DIRECT_OBJC_ISA_USAGE = YES_ERROR;
				CLANG_WARN_DOCUMENTATION_COMMENTS = YES;
				CLANG_WARN_EMPTY_BODY = YES;
				CLANG_WARN_ENUM_CONVERSION = YES;
				CLANG_WARN_INFINITE_RECURSION = YES;
				CLANG_WARN_INT_CONVERSION = YES;
				CLANG_WARN_NON_LITERAL_NULL_CONVERSION = YES;
				CLANG_WARN_OBJC_IMPLICIT_RETAIN_SELF = YES;
				CLANG_WARN_OBJC_LITERAL_CONVERSION = YES;
				CLANG_WARN_OBJC_ROOT_CLASS = YES_ERROR;
				CLANG_WARN_QUOTED_INCLUDE_IN_FRAMEWORK_HEADER = YES;
				CLANG_WARN_RANGE_LOOP_ANALYSIS = YES;
				CLANG_WARN_STRICT_PROTOTYPES = YES;
				CLANG_WARN_SUSPICIOUS_MOVE = YES;
				CLANG_WARN_UNGUARDED_AVAILABILITY = YES_AGGRESSIVE;
				CLANG_WARN_UNREACHABLE_CODE = YES;
				CLANG_WARN__DUPLICATE_METHOD_MATCH = YES;
				COPY_PHASE_STRIP = NO;
				DEBUG_INFORMATION_FORMAT = dwarf;
				ENABLE_STRICT_OBJC_MSGSEND = YES;
				ENABLE_TESTABILITY = YES;
				GCC_C_LANGUAGE_STANDARD = gnu11;
				GCC_DYNAMIC_NO_PIC = NO;
				GCC_NO_COMMON_BLOCKS = YES;
				GCC_OPTIMIZATION_LEVEL = 0;
				GCC_PREPROCESSOR_DEFINITIONS = (
					"DEBUG=1",
					"$(inherited)",
				);
				GCC_WARN_64_TO_32_BIT_CONVERSION = YES;
				GCC_WARN_ABOUT_RETURN_TYPE = YES_ERROR;
				GCC_WARN_UNDECLARED_SELECTOR = YES;
				GCC_WARN_UNINITIALIZED_AUTOS = YES_AGGRESSIVE;
				GCC_WARN_UNUSED_FUNCTION = YES;
				GCC_WARN_UNUSED_VARIABLE = YES;
				IPHONEOS_DEPLOYMENT_TARGET = 15.0;
				MTL_ENABLE_DEBUG_INFO = INCLUDE_SOURCE;
				MTL_FAST_MATH = YES;
				ONLY_ACTIVE_ARCH = YES;
				SDKROOT = iphoneos;
				SWIFT_ACTIVE_COMPILATION_CONDITIONS = DEBUG;
				SWIFT_OPTIMIZATION_LEVEL = "-Onone";
			};
			name = Debug;
		};
		B595A67827A1AF30006B9B63 /* Release */ = {
			isa = XCBuildConfiguration;
			buildSettings = {
				ALWAYS_SEARCH_USER_PATHS = NO;
				CLANG_ANALYZER_NONNULL = YES;
				CLANG_ANALYZER_NUMBER_OBJECT_CONVERSION = YES_AGGRESSIVE;
				CLANG_CXX_LANGUAGE_STANDARD = "gnu++17";
				CLANG_CXX_LIBRARY = "libc++";
				CLANG_ENABLE_MODULES = YES;
				CLANG_ENABLE_OBJC_ARC = YES;
				CLANG_ENABLE_OBJC_WEAK = YES;
				CLANG_WARN_BLOCK_CAPTURE_AUTORELEASING = YES;
				CLANG_WARN_BOOL_CONVERSION = YES;
				CLANG_WARN_COMMA = YES;
				CLANG_WARN_CONSTANT_CONVERSION = YES;
				CLANG_WARN_DEPRECATED_OBJC_IMPLEMENTATIONS = YES;
				CLANG_WARN_DIRECT_OBJC_ISA_USAGE = YES_ERROR;
				CLANG_WARN_DOCUMENTATION_COMMENTS = YES;
				CLANG_WARN_EMPTY_BODY = YES;
				CLANG_WARN_ENUM_CONVERSION = YES;
				CLANG_WARN_INFINITE_RECURSION = YES;
				CLANG_WARN_INT_CONVERSION = YES;
				CLANG_WARN_NON_LITERAL_NULL_CONVERSION = YES;
				CLANG_WARN_OBJC_IMPLICIT_RETAIN_SELF = YES;
				CLANG_WARN_OBJC_LITERAL_CONVERSION = YES;
				CLANG_WARN_OBJC_ROOT_CLASS = YES_ERROR;
				CLANG_WARN_QUOTED_INCLUDE_IN_FRAMEWORK_HEADER = YES;
				CLANG_WARN_RANGE_LOOP_ANALYSIS = YES;
				CLANG_WARN_STRICT_PROTOTYPES = YES;
				CLANG_WARN_SUSPICIOUS_MOVE = YES;
				CLANG_WARN_UNGUARDED_AVAILABILITY = YES_AGGRESSIVE;
				CLANG_WARN_UNREACHABLE_CODE = YES;
				CLANG_WARN__DUPLICATE_METHOD_MATCH = YES;
				COPY_PHASE_STRIP = NO;
				DEBUG_INFORMATION_FORMAT = "dwarf-with-dsym";
				ENABLE_NS_ASSERTIONS = NO;
				ENABLE_STRICT_OBJC_MSGSEND = YES;
				GCC_C_LANGUAGE_STANDARD = gnu11;
				GCC_NO_COMMON_BLOCKS = YES;
				GCC_WARN_64_TO_32_BIT_CONVERSION = YES;
				GCC_WARN_ABOUT_RETURN_TYPE = YES_ERROR;
				GCC_WARN_UNDECLARED_SELECTOR = YES;
				GCC_WARN_UNINITIALIZED_AUTOS = YES_AGGRESSIVE;
				GCC_WARN_UNUSED_FUNCTION = YES;
				GCC_WARN_UNUSED_VARIABLE = YES;
				IPHONEOS_DEPLOYMENT_TARGET = 15.0;
				MTL_ENABLE_DEBUG_INFO = NO;
				MTL_FAST_MATH = YES;
				SDKROOT = iphoneos;
				SWIFT_COMPILATION_MODE = wholemodule;
				SWIFT_OPTIMIZATION_LEVEL = "-O";
				VALIDATE_PRODUCT = YES;
			};
			name = Release;
		};
		B595A67A27A1AF30006B9B63 /* Debug */ = {
			isa = XCBuildConfiguration;
			buildSettings = {
				ASSETCATALOG_COMPILER_APPICON_NAME = AppIcon;
				ASSETCATALOG_COMPILER_GLOBAL_ACCENT_COLOR_NAME = AccentColor;
				CODE_SIGN_STYLE = Automatic;
				CURRENT_PROJECT_VERSION = 1;
				DEVELOPMENT_ASSET_PATHS = "\"SwiftfulMapApp/Preview Content\"";
				DEVELOPMENT_TEAM = 99228CQ3QR;
				ENABLE_PREVIEWS = YES;
				GENERATE_INFOPLIST_FILE = YES;
				INFOPLIST_FILE = SwiftfulMapApp/Info.plist;
				INFOPLIST_KEY_CFBundleDisplayName = Navigator;
				INFOPLIST_KEY_UIApplicationSceneManifest_Generation = YES;
				INFOPLIST_KEY_UIApplicationSupportsIndirectInputEvents = YES;
				INFOPLIST_KEY_UISupportedInterfaceOrientations = UIInterfaceOrientationPortrait;
				INFOPLIST_KEY_UISupportedInterfaceOrientations_iPad = "UIInterfaceOrientationPortrait UIInterfaceOrientationPortraitUpsideDown UIInterfaceOrientationLandscapeLeft UIInterfaceOrientationLandscapeRight";
				INFOPLIST_KEY_UISupportedInterfaceOrientations_iPhone = UIInterfaceOrientationPortrait;
				LD_RUNPATH_SEARCH_PATHS = (
					"$(inherited)",
					"@executable_path/Frameworks",
				);
				MARKETING_VERSION = 1.0;
				PRODUCT_BUNDLE_IDENTIFIER = com.pycodemaker.SwiftfulMapApp;
				PRODUCT_NAME = "$(TARGET_NAME)";
				SWIFT_EMIT_LOC_STRINGS = YES;
				SWIFT_VERSION = 5.0;
				TARGETED_DEVICE_FAMILY = "1,2";
			};
			name = Debug;
		};
		B595A67B27A1AF30006B9B63 /* Release */ = {
			isa = XCBuildConfiguration;
			buildSettings = {
				ASSETCATALOG_COMPILER_APPICON_NAME = AppIcon;
				ASSETCATALOG_COMPILER_GLOBAL_ACCENT_COLOR_NAME = AccentColor;
				CODE_SIGN_STYLE = Automatic;
				CURRENT_PROJECT_VERSION = 1;
				DEVELOPMENT_ASSET_PATHS = "\"SwiftfulMapApp/Preview Content\"";
				DEVELOPMENT_TEAM = 99228CQ3QR;
				ENABLE_PREVIEWS = YES;
				GENERATE_INFOPLIST_FILE = YES;
				INFOPLIST_FILE = SwiftfulMapApp/Info.plist;
				INFOPLIST_KEY_CFBundleDisplayName = Navigator;
				INFOPLIST_KEY_UIApplicationSceneManifest_Generation = YES;
				INFOPLIST_KEY_UIApplicationSupportsIndirectInputEvents = YES;
				INFOPLIST_KEY_UISupportedInterfaceOrientations = UIInterfaceOrientationPortrait;
				INFOPLIST_KEY_UISupportedInterfaceOrientations_iPad = "UIInterfaceOrientationPortrait UIInterfaceOrientationPortraitUpsideDown UIInterfaceOrientationLandscapeLeft UIInterfaceOrientationLandscapeRight";
				INFOPLIST_KEY_UISupportedInterfaceOrientations_iPhone = UIInterfaceOrientationPortrait;
				LD_RUNPATH_SEARCH_PATHS = (
					"$(inherited)",
					"@executable_path/Frameworks",
				);
				MARKETING_VERSION = 1.0;
				PRODUCT_BUNDLE_IDENTIFIER = com.pycodemaker.SwiftfulMapApp;
				PRODUCT_NAME = "$(TARGET_NAME)";
				SWIFT_EMIT_LOC_STRINGS = YES;
				SWIFT_VERSION = 5.0;
				TARGETED_DEVICE_FAMILY = "1,2";
			};
			name = Release;
		};
/* End XCBuildConfiguration section */

/* Begin XCConfigurationList section */
		B595A66627A1AF2C006B9B63 /* Build configuration list for PBXProject "SwiftfulMapApp" */ = {
			isa = XCConfigurationList;
			buildConfigurations = (
				B595A67727A1AF30006B9B63 /* Debug */,
				B595A67827A1AF30006B9B63 /* Release */,
			);
			defaultConfigurationIsVisible = 0;
			defaultConfigurationName = Release;
		};
		B595A67927A1AF30006B9B63 /* Build configuration list for PBXNativeTarget "SwiftfulMapApp" */ = {
			isa = XCConfigurationList;
			buildConfigurations = (
				B595A67A27A1AF30006B9B63 /* Debug */,
				B595A67B27A1AF30006B9B63 /* Release */,
			);
			defaultConfigurationIsVisible = 0;
			defaultConfigurationName = Release;
		};
/* End XCConfigurationList section */
	};
	rootObject = B595A66327A1AF2C006B9B63 /* Project object */;
}
